{
    "_meta": {
        "hash": {
            "sha256": "563d64fd662ac088710e49056b013e69113adc6b6a24cbe7981dab8f9906f538"
        },
        "pipfile-spec": 6,
        "requires": {
            "python_version": "3.10"
        },
        "sources": [
            {
                "name": "pypi",
                "url": "https://pypi.org/simple",
                "verify_ssl": true
            }
        ]
    },
    "default": {
        "click": {
            "hashes": [
                "sha256:ae74fb96c20a0277a1d615f1e4d73c8414f5a98db8b799a7931d1582f3390c28",
                "sha256:ca9853ad459e787e2192211578cc907e7594e294c7ccc834310722b41b9ca6de"
            ],
            "markers": "python_version >= '3.7'",
            "version": "==8.1.7"
        },
        "cmake": {
            "hashes": [
                "sha256:000efab194567cbd5c7f1cb0e839c57b44db01f218f4d318ee5eac0ec72dbd90",
                "sha256:014badd3ad7b0bd55ed81d8b60bf435ef2a382e9ad0f03340fea2bb41620b9af",
                "sha256:101d4e56154658c974e9425acd31f0fedde3ce68b47263fd14f789b028f8a13a",
                "sha256:14acb1954b1ec0b398fb5265bc9e9b8785dffc6c3686d031bd1758ca23293162",
                "sha256:256ba48b86bb63bcb61db6de27a5458d66857b10902d8f942e8d3432a58939b4",
                "sha256:3c93abd817848f81f992cd2c53c9397a353625de2af27b14b23761e5cce99c5d",
                "sha256:49307970589b2202bd528317a7a4a52bb6e6debca4f4c28e192a6b4965f47687",
                "sha256:49385eda22f5b94ffb00c2251a76f4c1d5b5aedf737767e7c44f75b4a1fdd426",
                "sha256:9229170107c5bfadba32cd25c7c6ee5b936649a36c53247d41a39bcdfdcd55d6",
                "sha256:9ef2b45834e3777ddbb477d21784ffdbe4f09a3d0e0883b55fea0c4cadd6038e",
                "sha256:a941c9dc0fda65e2b7cf2657f87802702fd28e677991d629b58a00cced3bed08",
                "sha256:bc784f6a0f07f517323e1fa2b005302ed8e90d3044a89a1b4b9b1962df2053ed",
                "sha256:ec338a489a80feaf8adfe9bb92eaba93318407ae6088a6dad7896aba0dd698cf",
                "sha256:f47117376ccea3189628a911666a7e23e09efae26c124aebe8f0aa139000dc73",
                "sha256:f510aa3bc6b2c0b8fb51f22209359a6da7544f668629b01544a5b991cdec82ee",
                "sha256:fa55547922e5dbe0f1edb6d4d23d78feab39366a0507e9eb5f9300f5d6010ab6",
                "sha256:fc15d514587e6bae7c3b6616d1eb2792548d34e6910490e20065378b3cd1019e"
            ],
            "index": "pypi",
            "version": "==3.27.5"
        },
        "colorama": {
            "hashes": [
                "sha256:08695f5cb7ed6e0531a20572697297273c47b8cae5a63ffc6d6ed5c201be6e44",
                "sha256:4f1d9991f5acc0ca119f9d443620b77f9d6b33703e51011c16baf57afb285fc6"
            ],
            "markers": "platform_system == 'Windows'",
            "version": "==0.4.6"
        },
        "cvzone": {
            "hashes": [
                "sha256:a6bea5834647b6fc52a44d8b4b670f8c88b2d4f0fc56549b4024ce224f0d3979"
            ],
            "index": "pypi",
            "markers": "python_version >= '3.6'",
            "version": "==1.6.1"
        },
        "dlib": {
            "hashes": [
                "sha256:2d4f618073bc6b297aa01ce05595a2d32b5b37e69cafd99f796e77346f6dcfb5"
            ],
            "index": "pypi",
            "version": "==19.24.2"
        },
        "face-recognition": {
            "hashes": [
                "sha256:5e5efdd1686aa566af0d3cc1313b131e4b197657a8ffd03669e6d3fad92705ec",
                "sha256:c543e91c8cfbf24d19db04e511ebbddcb23894bcee510133729ee78e9f4b5e83"
            ],
            "index": "pypi",
            "version": "==1.3.0"
        },
        "face-recognition-models": {
            "hashes": [
                "sha256:b79bd200a88c87c9a9d446c990ae71c5a626d1f3730174e6d570157ff1d896cf"
            ],
            "version": "==0.3.0"
        },
        "numpy": {
            "hashes": [
                "sha256:020cdbee66ed46b671429c7265cf00d8ac91c046901c55684954c3958525dab2",
                "sha256:0621f7daf973d34d18b4e4bafb210bbaf1ef5e0100b5fa750bd9cde84c7ac292",
                "sha256:0792824ce2f7ea0c82ed2e4fecc29bb86bee0567a080dacaf2e0a01fe7654369",
                "sha256:09aaee96c2cbdea95de76ecb8a586cb687d281c881f5f17bfc0fb7f5890f6b91",
                "sha256:166b36197e9debc4e384e9c652ba60c0bacc216d0fc89e78f973a9760b503388",
                "sha256:186ba67fad3c60dbe8a3abff3b67a91351100f2661c8e2a80364ae6279720299",
                "sha256:306545e234503a24fe9ae95ebf84d25cba1fdc27db971aa2d9f1ab6bba19a9dd",
                "sha256:436c8e9a4bdeeee84e3e59614d38c3dbd3235838a877af8c211cfcac8a80b8d3",
                "sha256:4a873a8180479bc829313e8d9798d5234dfacfc2e8a7ac188418189bb8eafbd2",
                "sha256:4acc65dd65da28060e206c8f27a573455ed724e6179941edb19f97e58161bb69",
                "sha256:51be5f8c349fdd1a5568e72713a21f518e7d6707bcf8503b528b88d33b57dc68",
                "sha256:546b7dd7e22f3c6861463bebb000646fa730e55df5ee4a0224408b5694cc6148",
                "sha256:5671338034b820c8d58c81ad1dafc0ed5a00771a82fccc71d6438df00302094b",
                "sha256:637c58b468a69869258b8ae26f4a4c6ff8abffd4a8334c830ffb63e0feefe99a",
                "sha256:767254ad364991ccfc4d81b8152912e53e103ec192d1bb4ea6b1f5a7117040be",
                "sha256:7d484292eaeb3e84a51432a94f53578689ffdea3f90e10c8b203a99be5af57d8",
                "sha256:7f6bad22a791226d0a5c7c27a80a20e11cfe09ad5ef9084d4d3fc4a299cca505",
                "sha256:86f737708b366c36b76e953c46ba5827d8c27b7a8c9d0f471810728e5a2fe57c",
                "sha256:8c6adc33561bd1d46f81131d5352348350fc23df4d742bb246cdfca606ea1208",
                "sha256:914b28d3215e0c721dc75db3ad6d62f51f630cb0c277e6b3bcb39519bed10bd8",
                "sha256:b44e6a09afc12952a7d2a58ca0a2429ee0d49a4f89d83a0a11052da696440e49",
                "sha256:bb0d9a1aaf5f1cb7967320e80690a1d7ff69f1d47ebc5a9bea013e3a21faec95",
                "sha256:c0b45c8b65b79337dee5134d038346d30e109e9e2e9d43464a2970e5c0e93229",
                "sha256:c2e698cb0c6dda9372ea98a0344245ee65bdc1c9dd939cceed6bb91256837896",
                "sha256:c78a22e95182fb2e7874712433eaa610478a3caf86f28c621708d35fa4fd6e7f",
                "sha256:e062aa24638bb5018b7841977c360d2f5917268d125c833a686b7cbabbec496c",
                "sha256:e5e18e5b14a7560d8acf1c596688f4dfd19b4f2945b245a71e5af4ddb7422feb",
                "sha256:eae430ecf5794cb7ae7fa3808740b015aa80747e5266153128ef055975a72b99",
                "sha256:ee84ca3c58fe48b8ddafdeb1db87388dce2c3c3f701bf447b05e4cfcc3679112",
                "sha256:f042f66d0b4ae6d48e70e28d487376204d3cbf43b84c03bac57e28dac6151581",
                "sha256:f8db2f125746e44dce707dd44d4f4efeea8d7e2b43aace3f8d1f235cfa2733dd",
                "sha256:f93fc78fe8bf15afe2b8d6b6499f1c73953169fad1e9a8dd086cdff3190e7fdf"
            ],
            "markers": "python_version < '3.13' and python_version >= '3.9'",
            "version": "==1.26.0"
        },
        "opencv-python": {
            "hashes": [
                "sha256:1617dc24fe670f128fc49e0b57f1fecdc7b41babd2ccc9b7a1d9491045e32c27",
                "sha256:22765c4a9249bca0764a9ae82fe849a43708db21a9984ac1406503db97816bee",
                "sha256:26dccfb820e01ba822255d093139934a26ad4c5e8a74a7b79e71f8d5c2a0d186",
                "sha256:340999b852ca03f1f4ec058f3bb71dfb45b9b1b538fad13985e6fea8abbd6eb0",
                "sha256:34ff0af4a40a36aa19e02a3efd27b4f68afbf60d631d1fd1aeb5b73b525943d7",
                "sha256:3eed69cb9a95fc51ecc5463f2d5f50dcc8b9e01dc5ae8dbb423df2937f415304",
                "sha256:5eab0f45a33fdbb62a6984538a97e9f8b33d370afd35face04036a3195dbb787",
                "sha256:5f62798d00efc1299cc87fcc788b11d0541114f0df35e0f2033c34751e4f708e",
                "sha256:5fe9ba0be2f0f15e64ccd19c9d050d163cc70d9b718b6a03564056c0ae4be8e8",
                "sha256:62161bf98661baa7dbc13971bd873303a28d5ef1c5f00e6a030b6e6da2025abd",
                "sha256:7c95121d88c18affb3ac338d7faa137f7ccaa801c07db5a43d775f95d0f50ec1",
                "sha256:7d0bce53e1edf6e5d4eafd274bcfa314b506a10f12bce74f15b0a52cbadb87db",
                "sha256:811f0df2a3ecaf7dacd77394862f3e0a04feedae190a51fd50c243016f1da7ff",
                "sha256:84fdfbb88836039e812f36cdc4a9c8bd330827084b0849ffec7a0b143ad980d9",
                "sha256:9141e88bfa67d9d4ac750fec18449065d105b8b3d00bbfb58b097bcc4fa6f018",
                "sha256:93704f7f873acb4fdb0fe62f9b62c000ec0e5a4c6af55578fd596b089dc4eb4f",
                "sha256:9aa3d2fcaad79681720128ffe402a2ad9fbb524826a431ae9773d29ae3075967",
                "sha256:9e9c2835c853d45b8f73628e14ca358e0d15132a703e7728a35269fa233792fc",
                "sha256:9e9d4e11b6e50ebe726daa2f0f7724fd877769476e352a7274f2107a3094de40",
                "sha256:aa6b688804e8590851d5f7c96886c9bd8cdd105c7ae6776f03c5ecd35465c062",
                "sha256:abfecb14c7fc23c5c1337a71b67cc852d79de67311a9a557c41a37bf5de35bf9",
                "sha256:b336f17bf90be734ec6d1bbbfc9fa8130fb1c110ff0746ab4374ba0422ea15a5",
                "sha256:b861c96a31d5d9c60fd0e4e8b05eb258a2da0ec77e7eae5711a71159627c1548",
                "sha256:ba0fb91d916fce3f6b7ac5be2d365d3949ba8a176262cf6a6dd366967544fa4d",
                "sha256:e688176481d9ace9f166eac9dbb0313cbb9b4d1aef82e57632c4db404bd33942",
                "sha256:eebe92d48833fe244ef19b88bcd8f7c4f61713a4f6d46694dd538025ac38aa1c",
                "sha256:f5902060f14a83d363163dd1bbf54876977c379fb56666e5557394eecca1f364",
                "sha256:f609558a8fe1bf66f6c81816ca14d8e51500c8b53ee44bc644c73f98f1c5655e",
                "sha256:fb8b81e1756522def5518914d916205da5cf34796b60adb592373991d100c769",
                "sha256:febc6e52db03cc0ca1cd2fc56c8f94ac15349ca19d10732261c766c463e681a6"
            ],
            "index": "pypi",
            "markers": "python_version >= '3.6'",
            "version": "==4.5.4.60"
        },
        "pillow": {
            "hashes": [
                "sha256:0462b1496505a3462d0f35dc1c4d7b54069747d65d00ef48e736acda2c8cbdff",
                "sha256:186f7e04248103482ea6354af6d5bcedb62941ee08f7f788a1c7707bc720c66f",
                "sha256:19e9adb3f22d4c416e7cd79b01375b17159d6990003633ff1d8377e21b7f1b21",
                "sha256:28444cb6ad49726127d6b340217f0627abc8732f1194fd5352dec5e6a0105635",
                "sha256:2872f2d7846cf39b3dbff64bc1104cc48c76145854256451d33c5faa55c04d1a",
                "sha256:2cc6b86ece42a11f16f55fe8903595eff2b25e0358dec635d0a701ac9586588f",
                "sha256:2d7e91b4379f7a76b31c2dda84ab9e20c6220488e50f7822e59dac36b0cd92b1",
                "sha256:2fa6dd2661838c66f1a5473f3b49ab610c98a128fc08afbe81b91a1f0bf8c51d",
                "sha256:32bec7423cdf25c9038fef614a853c9d25c07590e1a870ed471f47fb80b244db",
                "sha256:3855447d98cced8670aaa63683808df905e956f00348732448b5a6df67ee5849",
                "sha256:3a04359f308ebee571a3127fdb1bd01f88ba6f6fb6d087f8dd2e0d9bff43f2a7",
                "sha256:3a0d3e54ab1df9df51b914b2233cf779a5a10dfd1ce339d0421748232cea9876",
                "sha256:44e7e4587392953e5e251190a964675f61e4dae88d1e6edbe9f36d6243547ff3",
                "sha256:459307cacdd4138edee3875bbe22a2492519e060660eaf378ba3b405d1c66317",
                "sha256:4ce90f8a24e1c15465048959f1e94309dfef93af272633e8f37361b824532e91",
                "sha256:50bd5f1ebafe9362ad622072a1d2f5850ecfa44303531ff14353a4059113b12d",
                "sha256:522ff4ac3aaf839242c6f4e5b406634bfea002469656ae8358644fc6c4856a3b",
                "sha256:552912dbca585b74d75279a7570dd29fa43b6d93594abb494ebb31ac19ace6bd",
                "sha256:5d6c9049c6274c1bb565021367431ad04481ebb54872edecfcd6088d27edd6ed",
                "sha256:697a06bdcedd473b35e50a7e7506b1d8ceb832dc238a336bd6f4f5aa91a4b500",
                "sha256:71671503e3015da1b50bd18951e2f9daf5b6ffe36d16f1eb2c45711a301521a7",
                "sha256:723bd25051454cea9990203405fa6b74e043ea76d4968166dfd2569b0210886a",
                "sha256:764d2c0daf9c4d40ad12fbc0abd5da3af7f8aa11daf87e4fa1b834000f4b6b0a",
                "sha256:787bb0169d2385a798888e1122c980c6eff26bf941a8ea79747d35d8f9210ca0",
                "sha256:7f771e7219ff04b79e231d099c0a28ed83aa82af91fd5fa9fdb28f5b8d5addaf",
                "sha256:847e8d1017c741c735d3cd1883fa7b03ded4f825a6e5fcb9378fd813edee995f",
                "sha256:84efb46e8d881bb06b35d1d541aa87f574b58e87f781cbba8d200daa835b42e1",
                "sha256:898f1d306298ff40dc1b9ca24824f0488f6f039bc0e25cfb549d3195ffa17088",
                "sha256:8b451d6ead6e3500b6ce5c7916a43d8d8d25ad74b9102a629baccc0808c54971",
                "sha256:8f06be50669087250f319b706decf69ca71fdecd829091a37cc89398ca4dc17a",
                "sha256:92a23b0431941a33242b1f0ce6c88a952e09feeea9af4e8be48236a68ffe2205",
                "sha256:93139acd8109edcdeffd85e3af8ae7d88b258b3a1e13a038f542b79b6d255c54",
                "sha256:98533fd7fa764e5f85eebe56c8e4094db912ccbe6fbf3a58778d543cadd0db08",
                "sha256:9f665d1e6474af9f9da5e86c2a3a2d2d6204e04d5af9c06b9d42afa6ebde3f21",
                "sha256:b059ac2c4c7a97daafa7dc850b43b2d3667def858a4f112d1aa082e5c3d6cf7d",
                "sha256:b1be1c872b9b5fcc229adeadbeb51422a9633abd847c0ff87dc4ef9bb184ae08",
                "sha256:b7cf63d2c6928b51d35dfdbda6f2c1fddbe51a6bc4a9d4ee6ea0e11670dd981e",
                "sha256:bc2e3069569ea9dbe88d6b8ea38f439a6aad8f6e7a6283a38edf61ddefb3a9bf",
                "sha256:bcf1207e2f2385a576832af02702de104be71301c2696d0012b1b93fe34aaa5b",
                "sha256:ca26ba5767888c84bf5a0c1a32f069e8204ce8c21d00a49c90dabeba00ce0145",
                "sha256:cbe68deb8580462ca0d9eb56a81912f59eb4542e1ef8f987405e35a0179f4ea2",
                "sha256:d6caf3cd38449ec3cd8a68b375e0c6fe4b6fd04edb6c9766b55ef84a6e8ddf2d",
                "sha256:d72967b06be9300fed5cfbc8b5bafceec48bf7cdc7dab66b1d2549035287191d",
                "sha256:d889b53ae2f030f756e61a7bff13684dcd77e9af8b10c6048fb2c559d6ed6eaf",
                "sha256:de596695a75496deb3b499c8c4f8e60376e0516e1a774e7bc046f0f48cd620ad",
                "sha256:e6a90167bcca1216606223a05e2cf991bb25b14695c518bc65639463d7db722d",
                "sha256:ed2d9c0704f2dc4fa980b99d565c0c9a543fe5101c25b3d60488b8ba80f0cce1",
                "sha256:ee7810cf7c83fa227ba9125de6084e5e8b08c59038a7b2c9045ef4dde61663b4",
                "sha256:f0b4b06da13275bc02adfeb82643c4a6385bd08d26f03068c2796f60d125f6f2",
                "sha256:f11c9102c56ffb9ca87134bd025a43d2aba3f1155f508eff88f694b33a9c6d19",
                "sha256:f5bb289bb835f9fe1a1e9300d011eef4d69661bb9b34d5e196e5e82c4cb09b37",
                "sha256:f6d3d4c905e26354e8f9d82548475c46d8e0889538cb0657aa9c6f0872a37aa4",
                "sha256:fcb59711009b0168d6ee0bd8fb5eb259c4ab1717b2f538bbf36bacf207ef7a68",
                "sha256:fd2a5403a75b54661182b75ec6132437a181209b901446ee5724b589af8edef1"
            ],
            "markers": "python_version >= '3.8'",
            "version": "==10.0.1"
        }
    },
    "develop": {}
}
